{
  "name": "asp.net",
  "version": "1.0.0",
  "lockfileVersion": 1,
  "requires": true,
  "dependencies": {
    "bootstrap": {
      "version": "4.1.3",
      "resolved": "https://registry.npmjs.org/bootstrap/-/bootstrap-4.1.3.tgz",
      "integrity": "sha512-rDFIzgXcof0jDyjNosjv4Sno77X4KuPeFxG2XZZv1/Kc8DRVGVADdoQyyOVDwPqL36DDmtCQbrpMCqvpPLJQ0w=="
    },
    "cldrjs": {
      "version": "0.5.0",
      "resolved": "https://registry.npmjs.org/cldrjs/-/cldrjs-0.5.0.tgz",
      "integrity": "sha1-N76S2NGo5myO4S8TA+0xbYXY6zc="
    },
    "globalize": {
      "version": "1.4.0",
      "resolved": "https://registry.npmjs.org/globalize/-/globalize-1.4.0.tgz",
      "integrity": "sha1-TACnneZ9c5qbf/g7ZrkNAlfCdJM=",
      "requires": {
        "cldrjs": "^0.5.0"
      }
    },
    "jquery": {
      "version": "3.3.1",
      "resolved": "https://registry.npmjs.org/jquery/-/jquery-3.3.1.tgz",
      "integrity": "sha512-Ubldcmxp5np52/ENotGxlLe6aGMvmF4R8S6tZjsP6Knsaxd/xp3Zrh50cG93lR6nPXyUFwzN3ZSOQI0wRJNdGg=="
    },
    "jquery-validation": {
      "version": "1.19.5",
      "resolved": "https://registry.npmjs.org/jquery-validation/-/jquery-validation-1.19.5.tgz",
      "integrity": "sha512-X2SmnPq1mRiDecVYL8edWx+yTBZDyC8ohWXFhXdtqFHgU9Wd4KHkvcbCoIZ0JaSaumzS8s2gXSkP8F7ivg/8ZQ=="
    },
    "jquery-validation-globalize-fix": {
      "version": "0.1.1",
      "resolved": "https://registry.npmjs.org/jquery-validation-globalize-fix/-/jquery-validation-globalize-fix-0.1.1.tgz",
      "integrity": "sha512-5AAjNZhfvMi99SXQ2kZNKklO/uhVdvaehEXA6nwthjGb4g1xlA3fDCBiReteIKdGMgumA9yV8hxBxzdzoD5bJQ=="
    },
    "jquery-validation-unobtrusive": {
      "version": "3.2.11",
      "resolved": "https://registry.npmjs.org/jquery-validation-unobtrusive/-/jquery-validation-unobtrusive-3.2.11.tgz",
      "integrity": "sha512-3FQPllaWdD+Aq55zJLGSW39+eXPDz1HhwAvrSwYi8zHQ8DVcu5IJ1HVeTiCl0BnCnrIBvfFU3zEB/DrGdcoRIQ==",
      "requires": {
        "jquery": ">=1.8",
        "jquery-validation": ">=1.16"
      }
    }
  }
}
